
Microsoft Visual Studio Solution File, Format Version 12.00
# Visual Studio Version 17
VisualStudioVersion = 17.5.002.0
MinimumVisualStudioVersion = 10.0.40219.1
Project("{9A19103F-16F7-4668-BE54-9A1E7A4F7556}") = "backend", "backend.csproj", "{EDC1D613-D252-4093-96F5-E54272E4FA65}"
EndProject
Global
	GlobalSection(SolutionConfigurationPlatforms) = preSolution
		Debug|Any CPU = Debug|Any CPU
		Release|Any CPU = Release|Any CPU
	EndGlobalSection
	GlobalSection(ProjectConfigurationPlatforms) = postSolution
		{EDC1D613-D252-4093-96F5-E54272E4FA65}.Debug|Any CPU.ActiveCfg = Debug|Any CPU
		{EDC1D613-D252-4093-96F5-E54272E4FA65}.Debug|Any CPU.Build.0 = Debug|Any CPU
		{EDC1D613-D252-4093-96F5-E54272E4FA65}.Release|Any CPU.ActiveCfg = Release|Any CPU
		{EDC1D613-D252-4093-96F5-E54272E4FA65}.Release|Any CPU.Build.0 = Release|Any CPU
	EndGlobalSection
	GlobalSection(SolutionProperties) = preSolution
		HideSolutionNode = FALSE
	EndGlobalSection
	GlobalSection(ExtensibilityGlobals) = postSolution
		SolutionGuid = {9933AB87-A0E1-4460-BDC1-E1432271BFF2}
	EndGlobalSection
EndGlobal
